
Microsoft Visual Studio Solution File, Format Version 12.00
# Visual Studio Version 16
VisualStudioVersion = 16.0.31005.135
MinimumVisualStudioVersion = 10.0.40219.1
Project("{9A19103F-16F7-4668-BE54-9A1E7A4F7556}") = "ServerGUI", "ServerGUI\ServerGUI.csproj", "{5C0BEDAA-EDA3-480F-A529-6A46DF324527}"
EndProject
Project("{9A19103F-16F7-4668-BE54-9A1E7A4F7556}") = "ClientGUI", "ClientGUI\ClientGUI.csproj", "{C5682C5A-592B-406D-B706-F1564F0B1122}"
EndProject
Project("{FAE04EC0-301F-11D3-BF4B-00C04F79EFBC}") = "ServerB", "ServerB\ServerB.csproj", "{BF42EF5A-DA70-4C9A-84B2-A8127F492710}"
EndProject
Global
	GlobalSection(SolutionConfigurationPlatforms) = preSolution
		Debug|Any CPU = Debug|Any CPU
		Release|Any CPU = Release|Any CPU
	EndGlobalSection
	GlobalSection(ProjectConfigurationPlatforms) = postSolution
		{5C0BEDAA-EDA3-480F-A529-6A46DF324527}.Debug|Any CPU.ActiveCfg = Debug|Any CPU
		{5C0BEDAA-EDA3-480F-A529-6A46DF324527}.Debug|Any CPU.Build.0 = Debug|Any CPU
		{5C0BEDAA-EDA3-480F-A529-6A46DF324527}.Release|Any CPU.ActiveCfg = Release|Any CPU
		{5C0BEDAA-EDA3-480F-A529-6A46DF324527}.Release|Any CPU.Build.0 = Release|Any CPU
		{C5682C5A-592B-406D-B706-F1564F0B1122}.Debug|Any CPU.ActiveCfg = Debug|Any CPU
		{C5682C5A-592B-406D-B706-F1564F0B1122}.Debug|Any CPU.Build.0 = Debug|Any CPU
		{C5682C5A-592B-406D-B706-F1564F0B1122}.Release|Any CPU.ActiveCfg = Release|Any CPU
		{C5682C5A-592B-406D-B706-F1564F0B1122}.Release|Any CPU.Build.0 = Release|Any CPU
		{BF42EF5A-DA70-4C9A-84B2-A8127F492710}.Debug|Any CPU.ActiveCfg = Debug|Any CPU
		{BF42EF5A-DA70-4C9A-84B2-A8127F492710}.Debug|Any CPU.Build.0 = Debug|Any CPU
		{BF42EF5A-DA70-4C9A-84B2-A8127F492710}.Release|Any CPU.ActiveCfg = Release|Any CPU
		{BF42EF5A-DA70-4C9A-84B2-A8127F492710}.Release|Any CPU.Build.0 = Release|Any CPU
	EndGlobalSection
	GlobalSection(SolutionProperties) = preSolution
		HideSolutionNode = FALSE
	EndGlobalSection
	GlobalSection(ExtensibilityGlobals) = postSolution
		SolutionGuid = {A901F6A3-C53B-4F02-B4D9-AAAC2614F9FD}
	EndGlobalSection
EndGlobal
